
Microsoft Visual Studio Solution File, Format Version 12.00
# Visual Studio Version 17
VisualStudioVersion = 17.4.33213.308
MinimumVisualStudioVersion = 10.0.40219.1
Project("{2150E333-8FDC-42A3-9474-1A3956D46DE8}") = "Solution Items", "Solution Items", "{C7846055-271A-4160-8B4A-772F82150D95}"
	ProjectSection(SolutionItems) = preProject
		README.md = README.md
	EndProjectSection
EndProject
Project("{FAE04EC0-301F-11D3-BF4B-00C04F79EFBC}") = "Exercise_1", "Exercise_1\Exercise_1.csproj", "{EE32F962-D3EB-483B-B373-D76F8F83FB79}"
EndProject
Project("{FAE04EC0-301F-11D3-BF4B-00C04F79EFBC}") = "Excersice_1.Tests", "Excersice_1.Tests\Excersice_1.Tests.csproj", "{7EF0CBB3-D026-47B7-B805-063F25A85F00}"
EndProject
Global
	GlobalSection(SolutionConfigurationPlatforms) = preSolution
		Debug|Any CPU = Debug|Any CPU
		Release|Any CPU = Release|Any CPU
	EndGlobalSection
	GlobalSection(ProjectConfigurationPlatforms) = postSolution
		{EE32F962-D3EB-483B-B373-D76F8F83FB79}.Debug|Any CPU.ActiveCfg = Debug|Any CPU
		{EE32F962-D3EB-483B-B373-D76F8F83FB79}.Debug|Any CPU.Build.0 = Debug|Any CPU
		{EE32F962-D3EB-483B-B373-D76F8F83FB79}.Release|Any CPU.ActiveCfg = Release|Any CPU
		{EE32F962-D3EB-483B-B373-D76F8F83FB79}.Release|Any CPU.Build.0 = Release|Any CPU
		{7EF0CBB3-D026-47B7-B805-063F25A85F00}.Debug|Any CPU.ActiveCfg = Debug|Any CPU
		{7EF0CBB3-D026-47B7-B805-063F25A85F00}.Debug|Any CPU.Build.0 = Debug|Any CPU
		{7EF0CBB3-D026-47B7-B805-063F25A85F00}.Release|Any CPU.ActiveCfg = Release|Any CPU
		{7EF0CBB3-D026-47B7-B805-063F25A85F00}.Release|Any CPU.Build.0 = Release|Any CPU
	EndGlobalSection
	GlobalSection(SolutionProperties) = preSolution
		HideSolutionNode = FALSE
	EndGlobalSection
	GlobalSection(ExtensibilityGlobals) = postSolution
		SolutionGuid = {6C342EE2-17D1-4E70-B815-9E7F6249553F}
	EndGlobalSection
EndGlobal
